
Microsoft Visual Studio Solution File, Format Version 12.00
# Visual Studio Version 16
VisualStudioVersion = 16.0.29926.136
MinimumVisualStudioVersion = 10.0.40219.1
Project("{FAE04EC0-301F-11D3-BF4B-00C04F79EFBC}") = "MadnessNET", "Madness.NET\MadnessNET.csproj", "{AE947ED6-AEA3-44AC-A604-F72CA58547F4}"
EndProject
Global
	GlobalSection(SolutionConfigurationPlatforms) = preSolution
		Debug|Any CPU = Debug|Any CPU
		Release|Any CPU = Release|Any CPU
	EndGlobalSection
	GlobalSection(ProjectConfigurationPlatforms) = postSolution
		{AE947ED6-AEA3-44AC-A604-F72CA58547F4}.Debug|Any CPU.ActiveCfg = Debug|Any CPU
		{AE947ED6-AEA3-44AC-A604-F72CA58547F4}.Debug|Any CPU.Build.0 = Debug|Any CPU
		{AE947ED6-AEA3-44AC-A604-F72CA58547F4}.Release|Any CPU.ActiveCfg = Release|Any CPU
		{AE947ED6-AEA3-44AC-A604-F72CA58547F4}.Release|Any CPU.Build.0 = Release|Any CPU
	EndGlobalSection
	GlobalSection(SolutionProperties) = preSolution
		HideSolutionNode = FALSE
	EndGlobalSection
	GlobalSection(ExtensibilityGlobals) = postSolution
		SolutionGuid = {6A8AF106-5C85-4D3D-807D-514696971E5F}
	EndGlobalSection
EndGlobal
